# This file is generated by running "yarn install" inside your project.
# Manual changes might be lost - proceed with caution!

__metadata:
  version: 6
  cacheKey: 8

"@testbank/aws-cf-signed-url@workspace:.":
  version: 0.0.0-use.local
  resolution: "@testbank/aws-cf-signed-url@workspace:."
  dependencies:
    "@types/jsrsasign": ^10.5.4
    "@types/lodash": ^4.14.191
    "@types/node": ^18.11.15
    crypto-js: ^4.1.1
    jsrsasign: ^10.6.1
    lodash: ^4.17.21
    typescript: ^4.9.4
    url: ^0.11.0
  languageName: unknown
  linkType: soft

"@types/jsrsasign@npm:^10.5.4":
  version: 10.5.4
  resolution: "@types/jsrsasign@npm:10.5.4"
  checksum: e0ec7dcd534fe9a672a9b306f951f24eef1019b4d879d57e29a154eeb38cfb47f59239c2af1d202da211357feb452b96c45b8229ef3c440cf6d96606f4e5cff1
  languageName: node
  linkType: hard

"@types/lodash@npm:^4.14.191":
  version: 4.14.191
  resolution: "@types/lodash@npm:4.14.191"
  checksum: ba0d5434e10690869f32d5ea49095250157cae502f10d57de0a723fd72229ce6c6a4979576f0f13e0aa9fbe3ce2457bfb9fa7d4ec3d6daba56730a51906d1491
  languageName: node
  linkType: hard

"@types/node@npm:^18.11.15":
  version: 18.11.15
  resolution: "@types/node@npm:18.11.15"
  checksum: cae8692a5cee0316f93ee0342237eb921f70c51afb37c661c711a925a4642654ae7e404c5a80899d481c0cfaff3a6891ef04bacd330a2e72734192bfc91dc2d8
  languageName: node
  linkType: hard

"crypto-js@npm:^4.1.1":
  version: 4.1.1
  resolution: "crypto-js@npm:4.1.1"
  checksum: b3747c12ee3a7632fab3b3e171ea50f78b182545f0714f6d3e7e2858385f0f4101a15f2517e033802ce9d12ba50a391575ff4638c9de3dd9b2c4bc47768d5425
  languageName: node
  linkType: hard

"jsrsasign@npm:^10.6.1":
  version: 10.6.1
  resolution: "jsrsasign@npm:10.6.1"
  checksum: 372cde32c0a1b54f0df65e2091f7b99724103f150ff535df5db798897e91cac5c484284633959da8ddf4e3d4868253c428df4d3c709f44667928e05e705105d2
  languageName: node
  linkType: hard

"lodash@npm:^4.17.21":
  version: 4.17.21
  resolution: "lodash@npm:4.17.21"
  checksum: eb835a2e51d381e561e508ce932ea50a8e5a68f4ebdd771ea240d3048244a8d13658acbd502cd4829768c56f2e16bdd4340b9ea141297d472517b83868e677f7
  languageName: node
  linkType: hard

"punycode@npm:1.3.2":
  version: 1.3.2
  resolution: "punycode@npm:1.3.2"
  checksum: b8807fd594b1db33335692d1f03e8beeddde6fda7fbb4a2e32925d88d20a3aa4cd8dcc0c109ccaccbd2ba761c208dfaaada83007087ea8bfb0129c9ef1b99ed6
  languageName: node
  linkType: hard

"querystring@npm:0.2.0":
  version: 0.2.0
  resolution: "querystring@npm:0.2.0"
  checksum: 8258d6734f19be27e93f601758858c299bdebe71147909e367101ba459b95446fbe5b975bf9beb76390156a592b6f4ac3a68b6087cea165c259705b8b4e56a69
  languageName: node
  linkType: hard

"typescript@npm:^4.9.4":
  version: 4.9.4
  resolution: "typescript@npm:4.9.4"
  bin:
    tsc: bin/tsc
    tsserver: bin/tsserver
  checksum: e782fb9e0031cb258a80000f6c13530288c6d63f1177ed43f770533fdc15740d271554cdae86701c1dd2c83b082cea808b07e97fd68b38a172a83dbf9e0d0ef9
  languageName: node
  linkType: hard

"typescript@patch:typescript@^4.9.4#~builtin<compat/typescript>":
  version: 4.9.4
  resolution: "typescript@patch:typescript@npm%3A4.9.4#~builtin<compat/typescript>::version=4.9.4&hash=d73830"
  bin:
    tsc: bin/tsc
    tsserver: bin/tsserver
  checksum: 37f6e2c3c5e2aa5934b85b0fddbf32eeac8b1bacf3a5b51d01946936d03f5377fe86255d4e5a4ae628fd0cd553386355ad362c57f13b4635064400f3e8e05b9d
  languageName: node
  linkType: hard

"url@npm:^0.11.0":
  version: 0.11.0
  resolution: "url@npm:0.11.0"
  dependencies:
    punycode: 1.3.2
    querystring: 0.2.0
  checksum: 50d100d3dd2d98b9fe3ada48cadb0b08aa6be6d3ac64112b867b56b19be4bfcba03c2a9a0d7922bfd7ac17d4834e88537749fe182430dfd9b68e520175900d90
  languageName: node
  linkType: hard
